{
  "name": "upgraded-garbanzo",
  "version": "1.0.0",
  "lockfileVersion": 2,
  "requires": true,
  "packages": {
    "": {
      "name": "upgraded-garbanzo",
      "version": "1.0.0",
      "license": "MIT",
      "dependencies": {
        "exponential-backoff": "^3.1.0"
      },
      "peerDependencies": {
        "ncc-debounce": "^1.13.1-fix.1"
      },
      "peerDependenciesMeta": {
        "ncc-debounce": {
          "optional": true
        }
      }
    },
    "node_modules/exponential-backoff": {
      "version": "3.1.0",
      "resolved": "https://registry.npmjs.org/exponential-backoff/-/exponential-backoff-3.1.0.tgz",
      "integrity": "sha512-oBuz5SYz5zzyuHINoe9ooePwSu0xApKWgeNzok4hZ5YKXFh9zrQBEM15CXqoZkJJPuI2ArvqjPQd8UKJA753XA=="
    }
  },
  "dependencies": {
    "exponential-backoff": {
      "version": "3.1.0",
      "resolved": "https://registry.npmjs.org/exponential-backoff/-/exponential-backoff-3.1.0.tgz",
      "integrity": "sha512-oBuz5SYz5zzyuHINoe9ooePwSu0xApKWgeNzok4hZ5YKXFh9zrQBEM15CXqoZkJJPuI2ArvqjPQd8UKJA753XA=="
    }
  }
}
